
Microsoft Visual Studio Solution File, Format Version 12.00
# Visual Studio 15
VisualStudioVersion = 15.0.28307.1082
MinimumVisualStudioVersion = 10.0.40219.1
Project("{FAE04EC0-301F-11D3-BF4B-00C04F79EFBC}") = "MedReg", "MedReg\MedReg.csproj", "{8895F5FE-5026-45C4-AD9A-FD5B1D059554}"
EndProject
Global
	GlobalSection(SolutionConfigurationPlatforms) = preSolution
		Debug|Any CPU = Debug|Any CPU
		Release|Any CPU = Release|Any CPU
	EndGlobalSection
	GlobalSection(ProjectConfigurationPlatforms) = postSolution
		{8895F5FE-5026-45C4-AD9A-FD5B1D059554}.Debug|Any CPU.ActiveCfg = Debug|Any CPU
		{8895F5FE-5026-45C4-AD9A-FD5B1D059554}.Debug|Any CPU.Build.0 = Debug|Any CPU
		{8895F5FE-5026-45C4-AD9A-FD5B1D059554}.Release|Any CPU.ActiveCfg = Release|Any CPU
		{8895F5FE-5026-45C4-AD9A-FD5B1D059554}.Release|Any CPU.Build.0 = Release|Any CPU
	EndGlobalSection
	GlobalSection(SolutionProperties) = preSolution
		HideSolutionNode = FALSE
	EndGlobalSection
	GlobalSection(ExtensibilityGlobals) = postSolution
		SolutionGuid = {C19A7A3D-AA7A-42B7-AD8D-65C4D83FFE8B}
	EndGlobalSection
EndGlobal
